
Microsoft Visual Studio Solution File, Format Version 12.00
# Visual Studio Version 16
VisualStudioVersion = 16.0.33027.164
MinimumVisualStudioVersion = 10.0.40219.1
Project("{FAE04EC0-301F-11D3-BF4B-00C04F79EFBC}") = "07-02-2023", "07-02-2023.csproj", "{6DC9A212-A438-43BA-8E23-909B3381BDC4}"
EndProject
Global
	GlobalSection(SolutionConfigurationPlatforms) = preSolution
		Debug|Any CPU = Debug|Any CPU
		Release|Any CPU = Release|Any CPU
	EndGlobalSection
	GlobalSection(ProjectConfigurationPlatforms) = postSolution
		{6DC9A212-A438-43BA-8E23-909B3381BDC4}.Debug|Any CPU.ActiveCfg = Debug|Any CPU
		{6DC9A212-A438-43BA-8E23-909B3381BDC4}.Debug|Any CPU.Build.0 = Debug|Any CPU
		{6DC9A212-A438-43BA-8E23-909B3381BDC4}.Release|Any CPU.ActiveCfg = Release|Any CPU
		{6DC9A212-A438-43BA-8E23-909B3381BDC4}.Release|Any CPU.Build.0 = Release|Any CPU
	EndGlobalSection
	GlobalSection(SolutionProperties) = preSolution
		HideSolutionNode = FALSE
	EndGlobalSection
	GlobalSection(ExtensibilityGlobals) = postSolution
		SolutionGuid = {F336B372-3440-4CC5-A863-23E3D2D73386}
	EndGlobalSection
EndGlobal
